{
  "nodes": {
    "home-manager": {
      "inputs": {
        "nixpkgs": [
          "nixpkgs"
        ]
      },
      "locked": {
        "lastModified": 1748226808,
        "narHash": "sha256-GaBRgxjWO1bAQa8P2+FDxG4ANBVhjnSjBms096qQdxo=",
        "owner": "nix-community",
        "repo": "home-manager",
        "rev": "83665c39fa688bd6a1f7c43cf7997a70f6a109f9",
        "type": "github"
      },
      "original": {
        "owner": "nix-community",
        "ref": "release-25.05",
        "repo": "home-manager",
        "type": "github"
      }
    },
    "nix-colorizer": {
      "locked": {
        "lastModified": 1722541529,
        "narHash": "sha256-PX2Iakm3t602Be48RCD/k/a06kxn9Zqe4WXnW5RGD+8=",
        "owner": "nutsalhan87",
        "repo": "nix-colorizer",
        "rev": "b256eb9d7265e3be454c632a7da5f512a79ade1c",
        "type": "github"
      },
      "original": {
        "owner": "nutsalhan87",
        "ref": "v0.2",
        "repo": "nix-colorizer",
        "type": "github"
      }
    },
    "nixpkgs": {
      "locked": {
        "lastModified": 1748189127,
        "narHash": "sha256-zRDR+EbbeObu4V2X5QCd2Bk5eltfDlCr5yvhBwUT6pY=",
        "rev": "7c43f080a7f28b2774f3b3f43234ca11661bf334",
        "type": "tarball",
        "url": "https://releases.nixos.org/nixos/25.05/nixos-25.05.802491.7c43f080a7f2/nixexprs.tar.xz"
      },
      "original": {
        "type": "tarball",
        "url": "https://channels.nixos.org/nixos-25.05/nixexprs.tar.xz"
      }
    },
    "nixpkgs-unstable": {
      "locked": {
        "lastModified": 1748281463,
        "narHash": "sha256-0VFAX85s2QcFpcNVy7J4yn7j8Cn2IZADd1wsbT+1TYs=",
        "rev": "62b852f6c6742134ade1abdd2a21685fd617a291",
        "type": "tarball",
        "url": "https://releases.nixos.org/nixos/unstable/nixos-25.11pre805967.62b852f6c674/nixexprs.tar.xz"
      },
      "original": {
        "type": "tarball",
        "url": "https://channels.nixos.org/nixos-unstable/nixexprs.tar.xz"
      }
    },
    "root": {
      "inputs": {
        "home-manager": "home-manager",
        "nix-colorizer": "nix-colorizer",
        "nixpkgs": "nixpkgs",
        "nixpkgs-unstable": "nixpkgs-unstable",
        "rycee-nur-expressions": "rycee-nur-expressions",
        "sops-nix": "sops-nix"
      }
    },
    "rycee-nur-expressions": {
      "flake": false,
      "locked": {
        "lastModified": 1748405006,
        "narHash": "sha256-pmt0SFjACJJAI8g8QU5arg2c9BXNZG9/okVwRSDJkG8=",
        "owner": "rycee",
        "repo": "nur-expressions",
        "rev": "f9801a86d6603260940890c36650275090d1dceb",
        "type": "gitlab"
      },
      "original": {
        "owner": "rycee",
        "repo": "nur-expressions",
        "type": "gitlab"
      }
    },
    "sops-nix": {
      "inputs": {
        "nixpkgs": [
          "nixpkgs"
        ]
      },
      "locked": {
        "lastModified": 1747603214,
        "narHash": "sha256-lAblXm0VwifYCJ/ILPXJwlz0qNY07DDYdLD+9H+Wc8o=",
        "owner": "Mic92",
        "repo": "sops-nix",
        "rev": "8d215e1c981be3aa37e47aeabd4e61bb069548fd",
        "type": "github"
      },
      "original": {
        "owner": "Mic92",
        "repo": "sops-nix",
        "type": "github"
      }
    }
  },
  "root": "root",
  "version": 7
}
